Microsoft Visual Studio Solution File, Format Version 12.00
# Visual Studio 2013
VisualStudioVersion = 12.0.40629.0
MinimumVisualStudioVersion = 10.0.40219.1
Project("{FAE04EC0-301F-11D3-BF4B-00C04F79EFBC}") = "CodeStatistics", "CodeStatistics\CodeStatistics.csproj", "{B1BC156C-AAA8-40EB-B90B-AEE950870D62}"
EndProject
Project("{FAE04EC0-301F-11D3-BF4B-00C04F79EFBC}") = "CodeStatisticsTests", "CodeStatisticsTests\CodeStatisticsTests.csproj", "{BD148062-5858-49E7-B11B-20FC6E7114DD}"
EndProject
Project("{FAE04EC0-301F-11D3-BF4B-00C04F79EFBC}") = "CodeStatisticsCore", "CodeStatisticsCore\CodeStatisticsCore.csproj", "{6E9BF33E-C035-4A44-AE11-6C2CFB029C0B}"
EndProject
Project("{2150E333-8FDC-42A3-9474-1A3956D46DE8}") = "Languages", "Languages", "{D767D50E-CD3A-42A5-A50A-FA0479AA8DAD}"
EndProject
Project("{2150E333-8FDC-42A3-9474-1A3956D46DE8}") = "Core", "Core", "{7DF275DC-FB62-4FC3-B8FC-4BC3EDB870AD}"
EndProject
Project("{2150E333-8FDC-42A3-9474-1A3956D46DE8}") = "Tests", "Tests", "{173BB629-3810-4862-9191-4EE4D1118C81}"
EndProject
Project("{FAE04EC0-301F-11D3-BF4B-00C04F79EFBC}") = "LanguageJava", "LanguageJava\LanguageJava.csproj", "{BDC141F0-956D-441D-9711-16AF83909294}"
EndProject
Global
	GlobalSection(SolutionConfigurationPlatforms) = preSolution
		Debug|Any CPU = Debug|Any CPU
		Mono|Any CPU = Mono|Any CPU
		Windows|Any CPU = Windows|Any CPU
	EndGlobalSection
	GlobalSection(ProjectConfigurationPlatforms) = postSolution
		{B1BC156C-AAA8-40EB-B90B-AEE950870D62}.Debug|Any CPU.ActiveCfg = Debug|Any CPU
		{B1BC156C-AAA8-40EB-B90B-AEE950870D62}.Debug|Any CPU.Build.0 = Debug|Any CPU
		{B1BC156C-AAA8-40EB-B90B-AEE950870D62}.Mono|Any CPU.ActiveCfg = Mono|Any CPU
		{B1BC156C-AAA8-40EB-B90B-AEE950870D62}.Mono|Any CPU.Build.0 = Mono|Any CPU
		{B1BC156C-AAA8-40EB-B90B-AEE950870D62}.Windows|Any CPU.ActiveCfg = Windows|Any CPU
		{B1BC156C-AAA8-40EB-B90B-AEE950870D62}.Windows|Any CPU.Build.0 = Windows|Any CPU
		{BD148062-5858-49E7-B11B-20FC6E7114DD}.Debug|Any CPU.ActiveCfg = Debug|Any CPU
		{BD148062-5858-49E7-B11B-20FC6E7114DD}.Debug|Any CPU.Build.0 = Debug|Any CPU
		{BD148062-5858-49E7-B11B-20FC6E7114DD}.Mono|Any CPU.ActiveCfg = Debug|Any CPU
		{BD148062-5858-49E7-B11B-20FC6E7114DD}.Windows|Any CPU.ActiveCfg = Debug|Any CPU
		{6E9BF33E-C035-4A44-AE11-6C2CFB029C0B}.Debug|Any CPU.ActiveCfg = Debug|Any CPU
		{6E9BF33E-C035-4A44-AE11-6C2CFB029C0B}.Debug|Any CPU.Build.0 = Debug|Any CPU
		{6E9BF33E-C035-4A44-AE11-6C2CFB029C0B}.Mono|Any CPU.ActiveCfg = Release|Any CPU
		{6E9BF33E-C035-4A44-AE11-6C2CFB029C0B}.Mono|Any CPU.Build.0 = Release|Any CPU
		{6E9BF33E-C035-4A44-AE11-6C2CFB029C0B}.Windows|Any CPU.ActiveCfg = Release|Any CPU
		{6E9BF33E-C035-4A44-AE11-6C2CFB029C0B}.Windows|Any CPU.Build.0 = Release|Any CPU
		{BDC141F0-956D-441D-9711-16AF83909294}.Debug|Any CPU.ActiveCfg = Debug|Any CPU
		{BDC141F0-956D-441D-9711-16AF83909294}.Debug|Any CPU.Build.0 = Debug|Any CPU
		{BDC141F0-956D-441D-9711-16AF83909294}.Mono|Any CPU.ActiveCfg = Release|Any CPU
		{BDC141F0-956D-441D-9711-16AF83909294}.Mono|Any CPU.Build.0 = Release|Any CPU
		{BDC141F0-956D-441D-9711-16AF83909294}.Windows|Any CPU.ActiveCfg = Release|Any CPU
		{BDC141F0-956D-441D-9711-16AF83909294}.Windows|Any CPU.Build.0 = Release|Any CPU
	EndGlobalSection
	GlobalSection(SolutionProperties) = preSolution
		HideSolutionNode = FALSE
	EndGlobalSection
	GlobalSection(NestedProjects) = preSolution
		{B1BC156C-AAA8-40EB-B90B-AEE950870D62} = {7DF275DC-FB62-4FC3-B8FC-4BC3EDB870AD}
		{BD148062-5858-49E7-B11B-20FC6E7114DD} = {173BB629-3810-4862-9191-4EE4D1118C81}
		{6E9BF33E-C035-4A44-AE11-6C2CFB029C0B} = {7DF275DC-FB62-4FC3-B8FC-4BC3EDB870AD}
		{BDC141F0-956D-441D-9711-16AF83909294} = {D767D50E-CD3A-42A5-A50A-FA0479AA8DAD}
	EndGlobalSection
EndGlobal
