
Microsoft Visual Studio Solution File, Format Version 12.00
# Visual Studio Version 16
VisualStudioVersion = 16.0.29509.3
MinimumVisualStudioVersion = 10.0.40219.1
Project("{9A19103F-16F7-4668-BE54-9A1E7A4F7556}") = "Code Statistics", "CodeStatistics.csproj", "{370024C6-85E3-472D-872B-98F7F8798284}"
EndProject
Global
	GlobalSection(SolutionConfigurationPlatforms) = preSolution
		Debug|Any CPU = Debug|Any CPU
		Release|Any CPU = Release|Any CPU
	EndGlobalSection
	GlobalSection(ProjectConfigurationPlatforms) = postSolution
		{370024C6-85E3-472D-872B-98F7F8798284}.Debug|Any CPU.ActiveCfg = Debug|Any CPU
		{370024C6-85E3-472D-872B-98F7F8798284}.Debug|Any CPU.Build.0 = Debug|Any CPU
		{370024C6-85E3-472D-872B-98F7F8798284}.Release|Any CPU.ActiveCfg = Release|Any CPU
		{370024C6-85E3-472D-872B-98F7F8798284}.Release|Any CPU.Build.0 = Release|Any CPU
	EndGlobalSection
	GlobalSection(SolutionProperties) = preSolution
		HideSolutionNode = FALSE
	EndGlobalSection
	GlobalSection(ExtensibilityGlobals) = postSolution
		SolutionGuid = {DA279BDE-696D-48BB-82A2-577B98BEC6BE}
	EndGlobalSection
EndGlobal
